
Microsoft Visual Studio Solution File, Format Version 12.00
# Visual Studio Version 17
VisualStudioVersion = 17.5.002.0
MinimumVisualStudioVersion = 10.0.40219.1
Project("{9A19103F-16F7-4668-BE54-9A1E7A4F7556}") = "TvShowsApi", "TvShowsApi.csproj", "{F99F533A-1B49-4987-8CAB-6795D500DE40}"
EndProject
Global
	GlobalSection(SolutionConfigurationPlatforms) = preSolution
		Debug|Any CPU = Debug|Any CPU
		Release|Any CPU = Release|Any CPU
	EndGlobalSection
	GlobalSection(ProjectConfigurationPlatforms) = postSolution
		{F99F533A-1B49-4987-8CAB-6795D500DE40}.Debug|Any CPU.ActiveCfg = Debug|Any CPU
		{F99F533A-1B49-4987-8CAB-6795D500DE40}.Debug|Any CPU.Build.0 = Debug|Any CPU
		{F99F533A-1B49-4987-8CAB-6795D500DE40}.Release|Any CPU.ActiveCfg = Release|Any CPU
		{F99F533A-1B49-4987-8CAB-6795D500DE40}.Release|Any CPU.Build.0 = Release|Any CPU
	EndGlobalSection
	GlobalSection(SolutionProperties) = preSolution
		HideSolutionNode = FALSE
	EndGlobalSection
	GlobalSection(ExtensibilityGlobals) = postSolution
		SolutionGuid = {87CC36CE-FAFF-4EC3-8BB7-36285D5DCB34}
	EndGlobalSection
EndGlobal
